{
  "pins" : [
    {
      "identity" : "capacitor-swift-pm",
      "kind" : "remoteSourceControl",
      "location" : "https://github.com/ionic-team/capacitor-swift-pm.git",
      "state" : {
        "revision" : "7536a69ec75ed4292906b77a9fcadfbd2d70f328",
        "version" : "7.2.0"
      }
    },
    {
      "identity" : "kronos",
      "kind" : "remoteSourceControl",
      "location" : "https://github.com/MobileNativeFoundation/Kronos.git",
      "state" : {
        "revision" : "f331821314f9b35867a18c5c8fc2f918536d79ac",
        "version" : "4.3.1"
      }
    }
  ],
  "version" : 2
}
